
Microsoft Visual Studio Solution File, Format Version 12.00
# Visual Studio Version 16
VisualStudioVersion = 16.0.30804.86
MinimumVisualStudioVersion = 10.0.40219.1
Project("{FAE04EC0-301F-11D3-BF4B-00C04F79EFBC}") = "SalesWebMvc", "SalesWebMvc\SalesWebMvc.csproj", "{3241F15C-8242-48D9-B2C3-A184CF394859}"
EndProject
Global
	GlobalSection(SolutionConfigurationPlatforms) = preSolution
		Debug|Any CPU = Debug|Any CPU
		Release|Any CPU = Release|Any CPU
	EndGlobalSection
	GlobalSection(ProjectConfigurationPlatforms) = postSolution
		{3241F15C-8242-48D9-B2C3-A184CF394859}.Debug|Any CPU.ActiveCfg = Debug|Any CPU
		{3241F15C-8242-48D9-B2C3-A184CF394859}.Debug|Any CPU.Build.0 = Debug|Any CPU
		{3241F15C-8242-48D9-B2C3-A184CF394859}.Release|Any CPU.ActiveCfg = Release|Any CPU
		{3241F15C-8242-48D9-B2C3-A184CF394859}.Release|Any CPU.Build.0 = Release|Any CPU
	EndGlobalSection
	GlobalSection(SolutionProperties) = preSolution
		HideSolutionNode = FALSE
	EndGlobalSection
	GlobalSection(ExtensibilityGlobals) = postSolution
		SolutionGuid = {D6DC4D1E-6360-4FFD-9B54-3E3B76CF4D97}
	EndGlobalSection
EndGlobal
